// !$*UTF8*$!
{
	archiveVersion = 1;
	classes = {
	};
	objectVersion = 56;
	objects = {

/* Begin PBXBuildFile section */
		8DB5AAB928DBEE2E00C02487 /* main.cpp in Sources */ = {isa = PBXBuildFile; fileRef = 8DB5AAB828DBEE2E00C02487 /* main.cpp */; };
		8DB5AAC528DBEF8100C02487 /* libsfml-network.2.5.1.dylib in Frameworks */ = {isa = PBXBuildFile; fileRef = 8DB5AAC028DBEF8100C02487 /* libsfml-network.2.5.1.dylib */; };
		8DB5AAC628DBEF8100C02487 /* libsfml-graphics.2.5.1.dylib in Frameworks */ = {isa = PBXBuildFile; fileRef = 8DB5AAC128DBEF8100C02487 /* libsfml-graphics.2.5.1.dylib */; };
		8DB5AAC728DBEF8100C02487 /* libsfml-audio.2.5.1.dylib in Frameworks */ = {isa = PBXBuildFile; fileRef = 8DB5AAC228DBEF8100C02487 /* libsfml-audio.2.5.1.dylib */; };
		8DB5AAC828DBEF8100C02487 /* libsfml-window.2.5.1.dylib in Frameworks */ = {isa = PBXBuildFile; fileRef = 8DB5AAC328DBEF8100C02487 /* libsfml-window.2.5.1.dylib */; };
		8DB5AAC928DBEF8100C02487 /* libsfml-system.2.5.1.dylib in Frameworks */ = {isa = PBXBuildFile; fileRef = 8DB5AAC428DBEF8100C02487 /* libsfml-system.2.5.1.dylib */; };
		8DB5AACD28DBF90A00C02487 /* Game.cpp in Sources */ = {isa = PBXBuildFile; fileRef = 8DB5AACB28DBF90A00C02487 /* Game.cpp */; };
		8DB5AAD028DD411200C02487 /* NPC.cpp in Sources */ = {isa = PBXBuildFile; fileRef = 8DB5AACE28DD411200C02487 /* NPC.cpp */; };
		8DB5AAD328DD561300C02487 /* Corners.cpp in Sources */ = {isa = PBXBuildFile; fileRef = 8DB5AAD128DD561300C02487 /* Corners.cpp */; };
		8DB5AAD628DD75E100C02487 /* Player.cpp in Sources */ = {isa = PBXBuildFile; fileRef = 8DB5AAD428DD75E100C02487 /* Player.cpp */; };
/* End PBXBuildFile section */

/* Begin PBXCopyFilesBuildPhase section */
		8DB5AAB328DBEE2E00C02487 /* CopyFiles */ = {
			isa = PBXCopyFilesBuildPhase;
			buildActionMask = 2147483647;
			dstPath = /usr/share/man/man1/;
			dstSubfolderSpec = 0;
			files = (
			);
			runOnlyForDeploymentPostprocessing = 1;
		};
/* End PBXCopyFilesBuildPhase section */

/* Begin PBXFileReference section */
		8DB5AAB528DBEE2E00C02487 /* FinalProject */ = {isa = PBXFileReference; explicitFileType = "compiled.mach-o.executable"; includeInIndex = 0; path = FinalProject; sourceTree = BUILT_PRODUCTS_DIR; };
		8DB5AAB828DBEE2E00C02487 /* main.cpp */ = {isa = PBXFileReference; lastKnownFileType = sourcecode.cpp.cpp; path = main.cpp; sourceTree = "<group>"; };
		8DB5AAC028DBEF8100C02487 /* libsfml-network.2.5.1.dylib */ = {isa = PBXFileReference; lastKnownFileType = "compiled.mach-o.dylib"; name = "libsfml-network.2.5.1.dylib"; path = "ExternalLibraries/SFML/lib/libsfml-network.2.5.1.dylib"; sourceTree = "<group>"; };
		8DB5AAC128DBEF8100C02487 /* libsfml-graphics.2.5.1.dylib */ = {isa = PBXFileReference; lastKnownFileType = "compiled.mach-o.dylib"; name = "libsfml-graphics.2.5.1.dylib"; path = "ExternalLibraries/SFML/lib/libsfml-graphics.2.5.1.dylib"; sourceTree = "<group>"; };
		8DB5AAC228DBEF8100C02487 /* libsfml-audio.2.5.1.dylib */ = {isa = PBXFileReference; lastKnownFileType = "compiled.mach-o.dylib"; name = "libsfml-audio.2.5.1.dylib"; path = "ExternalLibraries/SFML/lib/libsfml-audio.2.5.1.dylib"; sourceTree = "<group>"; };
		8DB5AAC328DBEF8100C02487 /* libsfml-window.2.5.1.dylib */ = {isa = PBXFileReference; lastKnownFileType = "compiled.mach-o.dylib"; name = "libsfml-window.2.5.1.dylib"; path = "ExternalLibraries/SFML/lib/libsfml-window.2.5.1.dylib"; sourceTree = "<group>"; };
		8DB5AAC428DBEF8100C02487 /* libsfml-system.2.5.1.dylib */ = {isa = PBXFileReference; lastKnownFileType = "compiled.mach-o.dylib"; name = "libsfml-system.2.5.1.dylib"; path = "ExternalLibraries/SFML/lib/libsfml-system.2.5.1.dylib"; sourceTree = "<group>"; };
		8DB5AACB28DBF90A00C02487 /* Game.cpp */ = {isa = PBXFileReference; lastKnownFileType = sourcecode.cpp.cpp; path = Game.cpp; sourceTree = "<group>"; };
		8DB5AACC28DBF90A00C02487 /* Game.hpp */ = {isa = PBXFileReference; lastKnownFileType = sourcecode.cpp.h; path = Game.hpp; sourceTree = "<group>"; };
		8DB5AACE28DD411200C02487 /* NPC.cpp */ = {isa = PBXFileReference; lastKnownFileType = sourcecode.cpp.cpp; path = NPC.cpp; sourceTree = "<group>"; };
		8DB5AACF28DD411200C02487 /* NPC.hpp */ = {isa = PBXFileReference; lastKnownFileType = sourcecode.cpp.h; path = NPC.hpp; sourceTree = "<group>"; };
		8DB5AAD128DD561300C02487 /* Corners.cpp */ = {isa = PBXFileReference; lastKnownFileType = sourcecode.cpp.cpp; path = Corners.cpp; sourceTree = "<group>"; };
		8DB5AAD228DD561300C02487 /* Corners.hpp */ = {isa = PBXFileReference; lastKnownFileType = sourcecode.cpp.h; path = Corners.hpp; sourceTree = "<group>"; };
		8DB5AAD428DD75E100C02487 /* Player.cpp */ = {isa = PBXFileReference; lastKnownFileType = sourcecode.cpp.cpp; path = Player.cpp; sourceTree = "<group>"; };
		8DB5AAD528DD75E100C02487 /* Player.hpp */ = {isa = PBXFileReference; lastKnownFileType = sourcecode.cpp.h; path = Player.hpp; sourceTree = "<group>"; };
/* End PBXFileReference section */

/* Begin PBXFrameworksBuildPhase section */
		8DB5AAB228DBEE2E00C02487 /* Frameworks */ = {
			isa = PBXFrameworksBuildPhase;
			buildActionMask = 2147483647;
			files = (
				8DB5AAC528DBEF8100C02487 /* libsfml-network.2.5.1.dylib in Frameworks */,
				8DB5AAC628DBEF8100C02487 /* libsfml-graphics.2.5.1.dylib in Frameworks */,
				8DB5AAC728DBEF8100C02487 /* libsfml-audio.2.5.1.dylib in Frameworks */,
				8DB5AAC828DBEF8100C02487 /* libsfml-window.2.5.1.dylib in Frameworks */,
				8DB5AAC928DBEF8100C02487 /* libsfml-system.2.5.1.dylib in Frameworks */,
			);
			runOnlyForDeploymentPostprocessing = 0;
		};
/* End PBXFrameworksBuildPhase section */

/* Begin PBXGroup section */
		8DB5AAAC28DBEE2D00C02487 = {
			isa = PBXGroup;
			children = (
				8DB5AAB728DBEE2E00C02487 /* FinalProject */,
				8DB5AAB628DBEE2E00C02487 /* Products */,
				8DB5AABF28DBEF8100C02487 /* Frameworks */,
			);
			sourceTree = "<group>";
		};
		8DB5AAB628DBEE2E00C02487 /* Products */ = {
			isa = PBXGroup;
			children = (
				8DB5AAB528DBEE2E00C02487 /* FinalProject */,
			);
			name = Products;
			sourceTree = "<group>";
		};
		8DB5AAB728DBEE2E00C02487 /* FinalProject */ = {
			isa = PBXGroup;
			children = (
				8DB5AAD528DD75E100C02487 /* Player.hpp */,
				8DB5AAD428DD75E100C02487 /* Player.cpp */,
				8DB5AACC28DBF90A00C02487 /* Game.hpp */,
				8DB5AACB28DBF90A00C02487 /* Game.cpp */,
				8DB5AACF28DD411200C02487 /* NPC.hpp */,
				8DB5AACE28DD411200C02487 /* NPC.cpp */,
				8DB5AAD228DD561300C02487 /* Corners.hpp */,
				8DB5AAD128DD561300C02487 /* Corners.cpp */,
				8DB5AAB828DBEE2E00C02487 /* main.cpp */,
			);
			path = FinalProject;
			sourceTree = "<group>";
		};
		8DB5AABF28DBEF8100C02487 /* Frameworks */ = {
			isa = PBXGroup;
			children = (
				8DB5AAC228DBEF8100C02487 /* libsfml-audio.2.5.1.dylib */,
				8DB5AAC128DBEF8100C02487 /* libsfml-graphics.2.5.1.dylib */,
				8DB5AAC028DBEF8100C02487 /* libsfml-network.2.5.1.dylib */,
				8DB5AAC428DBEF8100C02487 /* libsfml-system.2.5.1.dylib */,
				8DB5AAC328DBEF8100C02487 /* libsfml-window.2.5.1.dylib */,
			);
			name = Frameworks;
			sourceTree = "<group>";
		};
/* End PBXGroup section */

/* Begin PBXNativeTarget section */
		8DB5AAB428DBEE2E00C02487 /* FinalProject */ = {
			isa = PBXNativeTarget;
			buildConfigurationList = 8DB5AABC28DBEE2E00C02487 /* Build configuration list for PBXNativeTarget "FinalProject" */;
			buildPhases = (
				8DB5AAB128DBEE2E00C02487 /* Sources */,
				8DB5AAB228DBEE2E00C02487 /* Frameworks */,
				8DB5AAB328DBEE2E00C02487 /* CopyFiles */,
			);
			buildRules = (
			);
			dependencies = (
			);
			name = FinalProject;
			productName = FinalProject;
			productReference = 8DB5AAB528DBEE2E00C02487 /* FinalProject */;
			productType = "com.apple.product-type.tool";
		};
/* End PBXNativeTarget section */

/* Begin PBXProject section */
		8DB5AAAD28DBEE2D00C02487 /* Project object */ = {
			isa = PBXProject;
			attributes = {
				BuildIndependentTargetsInParallel = 1;
				LastUpgradeCheck = 1400;
				TargetAttributes = {
					8DB5AAB428DBEE2E00C02487 = {
						CreatedOnToolsVersion = 14.0;
					};
				};
			};
			buildConfigurationList = 8DB5AAB028DBEE2D00C02487 /* Build configuration list for PBXProject "FinalProject" */;
			compatibilityVersion = "Xcode 14.0";
			developmentRegion = en;
			hasScannedForEncodings = 0;
			knownRegions = (
				en,
				Base,
			);
			mainGroup = 8DB5AAAC28DBEE2D00C02487;
			productRefGroup = 8DB5AAB628DBEE2E00C02487 /* Products */;
			projectDirPath = "";
			projectRoot = "";
			targets = (
				8DB5AAB428DBEE2E00C02487 /* FinalProject */,
			);
		};
/* End PBXProject section */

/* Begin PBXSourcesBuildPhase section */
		8DB5AAB128DBEE2E00C02487 /* Sources */ = {
			isa = PBXSourcesBuildPhase;
			buildActionMask = 2147483647;
			files = (
				8DB5AAD328DD561300C02487 /* Corners.cpp in Sources */,
				8DB5AAD028DD411200C02487 /* NPC.cpp in Sources */,
				8DB5AAB928DBEE2E00C02487 /* main.cpp in Sources */,
				8DB5AACD28DBF90A00C02487 /* Game.cpp in Sources */,
				8DB5AAD628DD75E100C02487 /* Player.cpp in Sources */,
			);
			runOnlyForDeploymentPostprocessing = 0;
		};
/* End PBXSourcesBuildPhase section */

/* Begin XCBuildConfiguration section */
		8DB5AABA28DBEE2E00C02487 /* Debug */ = {
			isa = XCBuildConfiguration;
			buildSettings = {
				ALWAYS_SEARCH_USER_PATHS = NO;
				CLANG_ANALYZER_NONNULL = YES;
				CLANG_ANALYZER_NUMBER_OBJECT_CONVERSION = YES_AGGRESSIVE;
				CLANG_CXX_LANGUAGE_STANDARD = "gnu++20";
				CLANG_ENABLE_MODULES = YES;
				CLANG_ENABLE_OBJC_ARC = YES;
				CLANG_ENABLE_OBJC_WEAK = YES;
				CLANG_WARN_BLOCK_CAPTURE_AUTORELEASING = YES;
				CLANG_WARN_BOOL_CONVERSION = YES;
				CLANG_WARN_COMMA = YES;
				CLANG_WARN_CONSTANT_CONVERSION = YES;
				CLANG_WARN_DEPRECATED_OBJC_IMPLEMENTATIONS = YES;
				CLANG_WARN_DIRECT_OBJC_ISA_USAGE = YES_ERROR;
				CLANG_WARN_DOCUMENTATION_COMMENTS = YES;
				CLANG_WARN_EMPTY_BODY = YES;
				CLANG_WARN_ENUM_CONVERSION = YES;
				CLANG_WARN_INFINITE_RECURSION = YES;
				CLANG_WARN_INT_CONVERSION = YES;
				CLANG_WARN_NON_LITERAL_NULL_CONVERSION = YES;
				CLANG_WARN_OBJC_IMPLICIT_RETAIN_SELF = YES;
				CLANG_WARN_OBJC_LITERAL_CONVERSION = YES;
				CLANG_WARN_OBJC_ROOT_CLASS = YES_ERROR;
				CLANG_WARN_QUOTED_INCLUDE_IN_FRAMEWORK_HEADER = YES;
				CLANG_WARN_RANGE_LOOP_ANALYSIS = YES;
				CLANG_WARN_STRICT_PROTOTYPES = YES;
				CLANG_WARN_SUSPICIOUS_MOVE = YES;
				CLANG_WARN_UNGUARDED_AVAILABILITY = YES_AGGRESSIVE;
				CLANG_WARN_UNREACHABLE_CODE = YES;
				CLANG_WARN__DUPLICATE_METHOD_MATCH = YES;
				COPY_PHASE_STRIP = NO;
				DEBUG_INFORMATION_FORMAT = dwarf;
				ENABLE_STRICT_OBJC_MSGSEND = YES;
				ENABLE_TESTABILITY = YES;
				GCC_C_LANGUAGE_STANDARD = gnu11;
				GCC_DYNAMIC_NO_PIC = NO;
				GCC_NO_COMMON_BLOCKS = YES;
				GCC_OPTIMIZATION_LEVEL = 0;
				GCC_PREPROCESSOR_DEFINITIONS = (
					"DEBUG=1",
					"$(inherited)",
				);
				GCC_WARN_64_TO_32_BIT_CONVERSION = YES;
				GCC_WARN_ABOUT_RETURN_TYPE = YES_ERROR;
				GCC_WARN_UNDECLARED_SELECTOR = YES;
				GCC_WARN_UNINITIALIZED_AUTOS = YES_AGGRESSIVE;
				GCC_WARN_UNUSED_FUNCTION = YES;
				GCC_WARN_UNUSED_VARIABLE = YES;
				MACOSX_DEPLOYMENT_TARGET = 12.3;
				MTL_ENABLE_DEBUG_INFO = INCLUDE_SOURCE;
				MTL_FAST_MATH = YES;
				ONLY_ACTIVE_ARCH = YES;
				SDKROOT = macosx;
			};
			name = Debug;
		};
		8DB5AABB28DBEE2E00C02487 /* Release */ = {
			isa = XCBuildConfiguration;
			buildSettings = {
				ALWAYS_SEARCH_USER_PATHS = NO;
				CLANG_ANALYZER_NONNULL = YES;
				CLANG_ANALYZER_NUMBER_OBJECT_CONVERSION = YES_AGGRESSIVE;
				CLANG_CXX_LANGUAGE_STANDARD = "gnu++20";
				CLANG_ENABLE_MODULES = YES;
				CLANG_ENABLE_OBJC_ARC = YES;
				CLANG_ENABLE_OBJC_WEAK = YES;
				CLANG_WARN_BLOCK_CAPTURE_AUTORELEASING = YES;
				CLANG_WARN_BOOL_CONVERSION = YES;
				CLANG_WARN_COMMA = YES;
				CLANG_WARN_CONSTANT_CONVERSION = YES;
				CLANG_WARN_DEPRECATED_OBJC_IMPLEMENTATIONS = YES;
				CLANG_WARN_DIRECT_OBJC_ISA_USAGE = YES_ERROR;
				CLANG_WARN_DOCUMENTATION_COMMENTS = YES;
				CLANG_WARN_EMPTY_BODY = YES;
				CLANG_WARN_ENUM_CONVERSION = YES;
				CLANG_WARN_INFINITE_RECURSION = YES;
				CLANG_WARN_INT_CONVERSION = YES;
				CLANG_WARN_NON_LITERAL_NULL_CONVERSION = YES;
				CLANG_WARN_OBJC_IMPLICIT_RETAIN_SELF = YES;
				CLANG_WARN_OBJC_LITERAL_CONVERSION = YES;
				CLANG_WARN_OBJC_ROOT_CLASS = YES_ERROR;
				CLANG_WARN_QUOTED_INCLUDE_IN_FRAMEWORK_HEADER = YES;
				CLANG_WARN_RANGE_LOOP_ANALYSIS = YES;
				CLANG_WARN_STRICT_PROTOTYPES = YES;
				CLANG_WARN_SUSPICIOUS_MOVE = YES;
				CLANG_WARN_UNGUARDED_AVAILABILITY = YES_AGGRESSIVE;
				CLANG_WARN_UNREACHABLE_CODE = YES;
				CLANG_WARN__DUPLICATE_METHOD_MATCH = YES;
				COPY_PHASE_STRIP = NO;
				DEBUG_INFORMATION_FORMAT = "dwarf-with-dsym";
				ENABLE_NS_ASSERTIONS = NO;
				ENABLE_STRICT_OBJC_MSGSEND = YES;
				GCC_C_LANGUAGE_STANDARD = gnu11;
				GCC_NO_COMMON_BLOCKS = YES;
				GCC_WARN_64_TO_32_BIT_CONVERSION = YES;
				GCC_WARN_ABOUT_RETURN_TYPE = YES_ERROR;
				GCC_WARN_UNDECLARED_SELECTOR = YES;
				GCC_WARN_UNINITIALIZED_AUTOS = YES_AGGRESSIVE;
				GCC_WARN_UNUSED_FUNCTION = YES;
				GCC_WARN_UNUSED_VARIABLE = YES;
				MACOSX_DEPLOYMENT_TARGET = 12.3;
				MTL_ENABLE_DEBUG_INFO = NO;
				MTL_FAST_MATH = YES;
				SDKROOT = macosx;
			};
			name = Release;
		};
		8DB5AABD28DBEE2E00C02487 /* Debug */ = {
			isa = XCBuildConfiguration;
			buildSettings = {
				CODE_SIGN_STYLE = Automatic;
				HEADER_SEARCH_PATHS = "${SRCROOT}/ExternalLibraries/SFML/include";
				LIBRARY_SEARCH_PATHS = (
					"$(inherited)",
					"$(PROJECT_DIR)/ExternalLibraries/SFML/lib",
				);
				PRODUCT_NAME = "$(TARGET_NAME)";
			};
			name = Debug;
		};
		8DB5AABE28DBEE2E00C02487 /* Release */ = {
			isa = XCBuildConfiguration;
			buildSettings = {
				CODE_SIGN_STYLE = Automatic;
				HEADER_SEARCH_PATHS = "${SRCROOT}/ExternalLibraries/SFML/include";
				LIBRARY_SEARCH_PATHS = (
					"$(inherited)",
					"$(PROJECT_DIR)/ExternalLibraries/SFML/lib",
				);
				PRODUCT_NAME = "$(TARGET_NAME)";
			};
			name = Release;
		};
/* End XCBuildConfiguration section */

/* Begin XCConfigurationList section */
		8DB5AAB028DBEE2D00C02487 /* Build configuration list for PBXProject "FinalProject" */ = {
			isa = XCConfigurationList;
			buildConfigurations = (
				8DB5AABA28DBEE2E00C02487 /* Debug */,
				8DB5AABB28DBEE2E00C02487 /* Release */,
			);
			defaultConfigurationIsVisible = 0;
			defaultConfigurationName = Release;
		};
		8DB5AABC28DBEE2E00C02487 /* Build configuration list for PBXNativeTarget "FinalProject" */ = {
			isa = XCConfigurationList;
			buildConfigurations = (
				8DB5AABD28DBEE2E00C02487 /* Debug */,
				8DB5AABE28DBEE2E00C02487 /* Release */,
			);
			defaultConfigurationIsVisible = 0;
			defaultConfigurationName = Release;
		};
/* End XCConfigurationList section */
	};
	rootObject = 8DB5AAAD28DBEE2D00C02487 /* Project object */;
}
